
Microsoft Visual Studio Solution File, Format Version 12.00
# Visual Studio 15
VisualStudioVersion = 15.0.26430.14
MinimumVisualStudioVersion = 10.0.40219.1
Project("{FAE04EC0-301F-11D3-BF4B-00C04F79EFBC}") = "SqlBuilder", "SqlBuilder\SqlBuilder.csproj", "{C864DE82-4145-47C7-8FB4-C57C38B29992}"
EndProject
Project("{FAE04EC0-301F-11D3-BF4B-00C04F79EFBC}") = "SqlBuilderTest", "SqlBuilderTest\SqlBuilderTest.csproj", "{7181699E-2EEB-41E0-93F9-4739FA59723D}"
EndProject
Global
	GlobalSection(SolutionConfigurationPlatforms) = preSolution
		Debug|Any CPU = Debug|Any CPU
		Release|Any CPU = Release|Any CPU
	EndGlobalSection
	GlobalSection(ProjectConfigurationPlatforms) = postSolution
		{C864DE82-4145-47C7-8FB4-C57C38B29992}.Debug|Any CPU.ActiveCfg = Debug|Any CPU
		{C864DE82-4145-47C7-8FB4-C57C38B29992}.Debug|Any CPU.Build.0 = Debug|Any CPU
		{C864DE82-4145-47C7-8FB4-C57C38B29992}.Release|Any CPU.ActiveCfg = Release|Any CPU
		{C864DE82-4145-47C7-8FB4-C57C38B29992}.Release|Any CPU.Build.0 = Release|Any CPU
		{7181699E-2EEB-41E0-93F9-4739FA59723D}.Debug|Any CPU.ActiveCfg = Debug|Any CPU
		{7181699E-2EEB-41E0-93F9-4739FA59723D}.Debug|Any CPU.Build.0 = Debug|Any CPU
		{7181699E-2EEB-41E0-93F9-4739FA59723D}.Release|Any CPU.ActiveCfg = Release|Any CPU
		{7181699E-2EEB-41E0-93F9-4739FA59723D}.Release|Any CPU.Build.0 = Release|Any CPU
	EndGlobalSection
	GlobalSection(SolutionProperties) = preSolution
		HideSolutionNode = FALSE
	EndGlobalSection
EndGlobal
